PODS:
  - BoringSSL-GRPC (0.0.39):
    - BoringSSL-GRPC/Implementation (= 0.0.39)
    - BoringSSL-GRPC/Interface (= 0.0.39)
  - BoringSSL-GRPC/Implementation (0.0.39):
    - BoringSSL-GRPC/Interface (= 0.0.39)
  - BoringSSL-GRPC/Interface (0.0.39)
  - GoogleNearbyPod (1.0.0):
    - GoogleNearbyPod/Full (= 1.0.0)
  - GoogleNearbyPod/AbseilCpp (1.0.0)
  - GoogleNearbyPod/Core (1.0.0):
    - BoringSSL-GRPC (~> 0.0.24)
    - GoogleNearbyPod/AbseilCpp
    - Protobuf (~> 3.21)
  - GoogleNearbyPod/Full (1.0.0):
    - GoogleNearbyPod/Swift
  - GoogleNearbyPod/Swift (1.0.0):
    - GoogleNearbyPod/Core
  - Protobuf (3.29.5)

DEPENDENCIES:
  - BoringSSL-GRPC
  - GoogleNearbyPod (from `../../..`)

SPEC REPOS:
  trunk:
    - BoringSSL-GRPC
    - Protobuf

EXTERNAL SOURCES:
  GoogleNearbyPod:
    :path: "../../.."

SPEC CHECKSUMS:
  BoringSSL-GRPC: 5bea2ef00264b264ce7bbc1a8cbe5330a4e953ee
  GoogleNearbyPod: 3b6bff2f395a5d8f01cd13c5cfc529febbcbee10
  Protobuf: 164aea2ae380c3951abdc3e195220c01d17400e0

PODFILE CHECKSUM: 6fa19e0ec237e17de03e2cd531d212695d567402

COCOAPODS: 1.15.2
